
Microsoft Visual Studio Solution File, Format Version 12.00
# Visual Studio Version 17
VisualStudioVersion = 17.4.33110.190
MinimumVisualStudioVersion = 10.0.40219.1
Project("{FAE04EC0-301F-11D3-BF4B-00C04F79EFBC}") = "EsitMessagelPanelTester", "EsitMessagelPanelTester\EsitMessagelPanelTester.csproj", "{D2234B0E-519D-4A52-AC00-7949FCB06847}"
EndProject
Global
	GlobalSection(SolutionConfigurationPlatforms) = preSolution
		Debug|Any CPU = Debug|Any CPU
		Release|Any CPU = Release|Any CPU
	EndGlobalSection
	GlobalSection(ProjectConfigurationPlatforms) = postSolution
		{D2234B0E-519D-4A52-AC00-7949FCB06847}.Debug|Any CPU.ActiveCfg = Debug|Any CPU
		{D2234B0E-519D-4A52-AC00-7949FCB06847}.Debug|Any CPU.Build.0 = Debug|Any CPU
		{D2234B0E-519D-4A52-AC00-7949FCB06847}.Release|Any CPU.ActiveCfg = Release|Any CPU
		{D2234B0E-519D-4A52-AC00-7949FCB06847}.Release|Any CPU.Build.0 = Release|Any CPU
	EndGlobalSection
	GlobalSection(SolutionProperties) = preSolution
		HideSolutionNode = FALSE
	EndGlobalSection
	GlobalSection(ExtensibilityGlobals) = postSolution
		SolutionGuid = {DAA3931F-6210-4D69-8219-D0410A208281}
	EndGlobalSection
EndGlobal
